
Microsoft Visual Studio Solution File, Format Version 12.00
# Visual Studio Version 17
VisualStudioVersion = 17.9.34622.214
MinimumVisualStudioVersion = 10.0.40219.1
Project("{9A19103F-16F7-4668-BE54-9A1E7A4F7556}") = "cp1-rm551848", "cp1-rm551848\cp1-rm551848.csproj", "{030D119D-9B8F-4C63-AC5E-3CE839D6E2FF}"
EndProject
Global
	GlobalSection(SolutionConfigurationPlatforms) = preSolution
		Debug|Any CPU = Debug|Any CPU
		Release|Any CPU = Release|Any CPU
	EndGlobalSection
	GlobalSection(ProjectConfigurationPlatforms) = postSolution
		{030D119D-9B8F-4C63-AC5E-3CE839D6E2FF}.Debug|Any CPU.ActiveCfg = Debug|Any CPU
		{030D119D-9B8F-4C63-AC5E-3CE839D6E2FF}.Debug|Any CPU.Build.0 = Debug|Any CPU
		{030D119D-9B8F-4C63-AC5E-3CE839D6E2FF}.Release|Any CPU.ActiveCfg = Release|Any CPU
		{030D119D-9B8F-4C63-AC5E-3CE839D6E2FF}.Release|Any CPU.Build.0 = Release|Any CPU
	EndGlobalSection
	GlobalSection(SolutionProperties) = preSolution
		HideSolutionNode = FALSE
	EndGlobalSection
	GlobalSection(ExtensibilityGlobals) = postSolution
		SolutionGuid = {C94FDDD9-FB77-449E-ADE2-61C8A4E5EE62}
	EndGlobalSection
EndGlobal
